github.com/xorvercom/util v0.0.0-20200708133029-6df8aabe3148 h1:GeeDX+GgWziZHoEObXVT0TLgQ4xS3615sVRkhuiwLQw=
github.com/xorvercom/util v0.0.0-20200708133029-6df8aabe3148/go.mod h1:6M76XgT6CWAZ7ulBJziWvaWC8ICrc7kctm6UVEhEFM8=
github.com/xorvercom/util v0.0.0-20210108010905-60ced194d72b h1:UV5FH2u1BcvzySdIIQA4xXcfvxJL0nzb55bKPnt4udo=
github.com/xorvercom/util v0.0.0-20210108010905-60ced194d72b/go.mod h1:6M76XgT6CWAZ7ulBJziWvaWC8ICrc7kctm6UVEhEFM8=
github.com/xorvercom/util v0.0.0-20220904234103-78c496d3334b h1:/LnGLU2X6lfq+jpX4bMBNvSCqi/lU4AAi3k/n+S2h3c=
github.com/xorvercom/util v0.0.0-20220904234103-78c496d3334b/go.mod h1:LftcjiIo5zl/wrVEY6/QPV6oRIrl4Vwj1Ae7oJCSJzE=
github.com/ziphttpd/zhsig v0.0.0-20210105075119-3ad3164034a5 h1:GV5qwpeuKwuU2kUlgUSiEE1aEKOsFr1A/FOCIdFp6a8=
github.com/ziphttpd/zhsig v0.0.0-20210105075119-3ad3164034a5/go.mod h1:4vxA2giasI0kpJa1Vt6L/yYrD52m28okOpAj2l7dXBk=
github.com/ziphttpd/zhsig v0.0.0-20210125230411-539b704bbfb4 h1:yhx50EeFbL24V2cbZKUTSbv5cdXpbbPvTOeoNgXTPrM=
github.com/ziphttpd/zhsig v0.0.0-20210125230411-539b704bbfb4/go.mod h1:YTjjpTSGJjK+lSKUIbW7SsCoDuVfxfOUKCZCLtn1wac=
golang.org/x/text v0.3.0/go.mod h1:NqM8EUOU14njkJ3fqMW+pc6Ldnwhi/IjpwHt7yyuwOQ=
golang.org/x/text v0.3.2 h1:tW2bmiBqwgJj/UpqtC8EpXEZVYOwU0yG4iWbprSVAcs=
golang.org/x/text v0.3.2/go.mod h1:bEr9sfX3Q8Zfm5fL9x+3itogRgK3+ptLWKqgva+5dAk=
golang.org/x/text v0.3.5 h1:i6eZZ+zk0SOf0xgBpEpPD18qWcJda6q1sxt3S0kzyUQ=
golang.org/x/text v0.3.5/go.mod h1:5Zoc/QRtKVWzQhOtBMvqHzDpF6irO9z98xDceosuGiQ=
golang.org/x/text v0.3.7 h1:olpwvP2KacW1ZWvsR7uQhoyTYvKAupfQrRGBFM352Gk=
golang.org/x/text v0.3.7/go.mod h1:u+2+/6zg+i71rQMx5EYifcz6MCKuco9NR6JIITiCfzQ=
golang.org/x/tools v0.0.0-20180917221912-90fa682c2a6e/go.mod h1:n7NCudcB/nEzxVGmLbDWY5pfWTLqBcC2KZ6jyYvM4mQ=
