github.com/xorvercom/util v0.0.0-20200516133700-9dccf12257b9 h1:WO+8ansxjZUNMNCRKf3fOXZ8tOtZ0DTUs9XW9zT1Mn4=
github.com/xorvercom/util v0.0.0-20200516133700-9dccf12257b9/go.mod h1:6M76XgT6CWAZ7ulBJziWvaWC8ICrc7kctm6UVEhEFM8=
github.com/xorvercom/util v0.0.0-20200708133029-6df8aabe3148 h1:GeeDX+GgWziZHoEObXVT0TLgQ4xS3615sVRkhuiwLQw=
github.com/xorvercom/util v0.0.0-20200708133029-6df8aabe3148/go.mod h1:6M76XgT6CWAZ7ulBJziWvaWC8ICrc7kctm6UVEhEFM8=
github.com/ziphttpd/zhsig v0.0.0-20200719053511-1da4aea9d34c h1:aELQK6xZ1V03fP2ieUfLhvI2p94XQVKTTm/AZABebZ0=
github.com/ziphttpd/zhsig v0.0.0-20200719053511-1da4aea9d34c/go.mod h1:4vxA2giasI0kpJa1Vt6L/yYrD52m28okOpAj2l7dXBk=
golang.org/x/text v0.3.2 h1:tW2bmiBqwgJj/UpqtC8EpXEZVYOwU0yG4iWbprSVAcs=
golang.org/x/text v0.3.2/go.mod h1:bEr9sfX3Q8Zfm5fL9x+3itogRgK3+ptLWKqgva+5dAk=
golang.org/x/tools v0.0.0-20180917221912-90fa682c2a6e/go.mod h1:n7NCudcB/nEzxVGmLbDWY5pfWTLqBcC2KZ6jyYvM4mQ=
